
Microsoft Visual Studio Solution File, Format Version 11.00
# Visual C# Express 2010
Project("{FAE04EC0-301F-11D3-BF4B-00C04F79EFBC}") = "PythonCsCommunication", "PythonCsCommunication\PythonCsCommunication.csproj", "{CE84F1E1-0689-4A8A-A60A-E0794F810628}"
EndProject
Global
	GlobalSection(SolutionConfigurationPlatforms) = preSolution
		Debug|x86 = Debug|x86
		Release|x86 = Release|x86
	EndGlobalSection
	GlobalSection(ProjectConfigurationPlatforms) = postSolution
		{CE84F1E1-0689-4A8A-A60A-E0794F810628}.Debug|x86.ActiveCfg = Debug|x86
		{CE84F1E1-0689-4A8A-A60A-E0794F810628}.Debug|x86.Build.0 = Debug|x86
		{CE84F1E1-0689-4A8A-A60A-E0794F810628}.Release|x86.ActiveCfg = Release|x86
		{CE84F1E1-0689-4A8A-A60A-E0794F810628}.Release|x86.Build.0 = Release|x86
	EndGlobalSection
	GlobalSection(SolutionProperties) = preSolution
		HideSolutionNode = FALSE
	EndGlobalSection
EndGlobal
